
Microsoft Visual Studio Solution File, Format Version 12.00
# Visual Studio Version 17
VisualStudioVersion = 17.0.32014.148
MinimumVisualStudioVersion = 10.0.40219.1
Project("{9A19103F-16F7-4668-BE54-9A1E7A4F7556}") = "com.strategineer.PEBSpeedrunTools", "com.strategineer.PEBSpeedrunTools.csproj", "{65BB8A06-32BF-4B89-8D4A-0EF3AA92F1A0}"
EndProject
Global
	GlobalSection(SolutionConfigurationPlatforms) = preSolution
		Debug|Any CPU = Debug|Any CPU
		Release|Any CPU = Release|Any CPU
	EndGlobalSection
	GlobalSection(ProjectConfigurationPlatforms) = postSolution
		{65BB8A06-32BF-4B89-8D4A-0EF3AA92F1A0}.Debug|Any CPU.ActiveCfg = Debug|Any CPU
		{65BB8A06-32BF-4B89-8D4A-0EF3AA92F1A0}.Debug|Any CPU.Build.0 = Debug|Any CPU
		{65BB8A06-32BF-4B89-8D4A-0EF3AA92F1A0}.Release|Any CPU.ActiveCfg = Release|Any CPU
		{65BB8A06-32BF-4B89-8D4A-0EF3AA92F1A0}.Release|Any CPU.Build.0 = Release|Any CPU
	EndGlobalSection
	GlobalSection(SolutionProperties) = preSolution
		HideSolutionNode = FALSE
	EndGlobalSection
	GlobalSection(ExtensibilityGlobals) = postSolution
		SolutionGuid = {95D8F9A4-5848-4E5F-BFD9-9A9AFBB865F3}
	EndGlobalSection
EndGlobal
